
Microsoft Visual Studio Solution File, Format Version 12.00
# Visual Studio Version 16
VisualStudioVersion = 16.0.31624.102
MinimumVisualStudioVersion = 10.0.40219.1
Project("{888888A0-9F3D-457C-B088-3A5042F75D52}") = "Webserver", "Webserver.pyproj", "{1AA9ABF2-E634-420E-9A87-EC234AF3E028}"
EndProject
Global
	GlobalSection(SolutionConfigurationPlatforms) = preSolution
		Debug|Any CPU = Debug|Any CPU
		Release|Any CPU = Release|Any CPU
	EndGlobalSection
	GlobalSection(ProjectConfigurationPlatforms) = postSolution
		{1AA9ABF2-E634-420E-9A87-EC234AF3E028}.Debug|Any CPU.ActiveCfg = Debug|Any CPU
		{1AA9ABF2-E634-420E-9A87-EC234AF3E028}.Release|Any CPU.ActiveCfg = Release|Any CPU
	EndGlobalSection
	GlobalSection(SolutionProperties) = preSolution
		HideSolutionNode = FALSE
	EndGlobalSection
	GlobalSection(ExtensibilityGlobals) = postSolution
		SolutionGuid = {A217B8A6-C52C-42C2-B1C2-8D205BBFC6A0}
	EndGlobalSection
EndGlobal
